# THIS IS AN AUTOGENERATED FILE. DO NOT EDIT THIS FILE DIRECTLY.
# yarn lockfile v1


"axios@^0.21.0":
  "integrity" "sha512-ut5vewkiu8jjGBdqpM44XxjuCjq9LAKeHVmoVfHVzy8eHgxxq8SbAVQNovDA8mVi05kP0Ea/n/UzcSHcTJQfNg=="
  "resolved" "https://registry.npmjs.org/axios/-/axios-0.21.4.tgz"
  "version" "0.21.4"
  dependencies:
    "follow-redirects" "^1.14.0"

"bybit-api@3.8.1":
  "integrity" "sha512-2rCKv7ksFUWMMd7Mq/mHhD80wdQ87pBIhgeJAhCOVefhD57Tq8VI7aBrtHUithRtnDcCaE1BfaQC2V6VIUQ1fQ=="
  "resolved" "https://registry.npmjs.org/bybit-api/-/bybit-api-3.8.1.tgz"
  "version" "3.8.1"
  dependencies:
    "axios" "^0.21.0"
    "isomorphic-ws" "^4.0.1"
    "ws" "^7.4.0"

"dotenv@^16.3.2":
  "integrity" "sha512-HTlk5nmhkm8F6JcdXvHIzaorzCoziNQT9mGxLPVXW8wJF1TiGSL60ZGB4gHWabHOaMmWmhvk2/lPHfnBiT78AQ=="
  "resolved" "https://registry.npmjs.org/dotenv/-/dotenv-16.3.2.tgz"
  "version" "16.3.2"

"follow-redirects@^1.14.0":
  "integrity" "sha512-vSFWUON1B+yAw1VN4xMfxgn5fTUiaOzAJCKBwIIgT/+7CuGy9+r+5gITvP62j3RmaD5Ph65UaERdOSRGUzZtgw=="
  "resolved" "https://registry.npmjs.org/follow-redirects/-/follow-redirects-1.15.5.tgz"
  "version" "1.15.5"

"isomorphic-ws@^4.0.1":
  "integrity" "sha512-BhBvN2MBpWTaSHdWRb/bwdZJ1WaehQ2L1KngkCkfLUGF0mAWAT1sQUQacEmQ0jXkFw/czDXPNQSL5u2/Krsz1w=="
  "resolved" "https://registry.npmjs.org/isomorphic-ws/-/isomorphic-ws-4.0.1.tgz"
  "version" "4.0.1"

"ws@*", "ws@^7.4.0":
  "integrity" "sha512-F+P9Jil7UiSKSkppIiD94dN07AwvFixvLIj1Og1Rl9GGMuNipJnV9JzjD6XuqmAeiswGvUmNLjr5cFuXwNS77Q=="
  "resolved" "https://registry.npmjs.org/ws/-/ws-7.5.9.tgz"
  "version" "7.5.9"
